<?xml version="1.0" encoding="utf-8"?>
<Project ToolsVersion="4.0" xmlns="http://schemas.microsoft.com/developer/msbuild/2003">
  <ItemGroup>
    <None Include=".clang-format" />
  </ItemGroup>
  <ItemGroup>
    <Filter Include="include">
      <UniqueIdentifier>{234214ad-cd92-4a20-a25a-03dc3c495a1b}</UniqueIdentifier>
    </Filter>
    <Filter Include="include\F4SE">
      <UniqueIdentifier>{10a39dcf-4b72-44be-987e-4d69f297538c}</UniqueIdentifier>
    </Filter>
    <Filter Include="include\F4SE\Impl">
      <UniqueIdentifier>{69ab6f93-c095-4086-b3c6-d7345063a065}</UniqueIdentifier>
    </Filter>
    <Filter Include="include\RE">
      <UniqueIdentifier>{068c1698-7d85-452e-bafa-00e2d057e16c}</UniqueIdentifier>
    </Filter>
    <Filter Include="include\RE\Bethesda">
      <UniqueIdentifier>{32c9d02d-a5dd-4eaf-a6f0-72a2dd5446a8}</UniqueIdentifier>
    </Filter>
    <Filter Include="include\RE\NetImmerse">
      <UniqueIdentifier>{06a3583c-f81c-457f-819a-993d53dac474}</UniqueIdentifier>
    </Filter>
    <Filter Include="include\RE\Scaleform">
      <UniqueIdentifier>{0f680cb3-9ee4-4948-ae14-905b8d7e0766}</UniqueIdentifier>
    </Filter>
    <Filter Include="include\RE\Scaleform\GFx">
      <UniqueIdentifier>{ad38e393-86a8-4a0c-87b9-273c1a146b82}</UniqueIdentifier>
    </Filter>
    <Filter Include="include\RE\Scaleform\Kernel">
      <UniqueIdentifier>{3d370608-e3e3-4bcd-9341-381a649833f7}</UniqueIdentifier>
    </Filter>
    <Filter Include="include\REL">
      <UniqueIdentifier>{6472008f-5b82-40f4-b35b-e3161da49ebe}</UniqueIdentifier>
    </Filter>
  </ItemGroup>
  <ItemGroup>
    <ClInclude Include="include\F4SE\API.h">
      <Filter>include\F4SE</Filter>
    </ClInclude>
    <ClInclude Include="include\F4SE\F4SE.h">
      <Filter>include\F4SE</Filter>
    </ClInclude>
    <ClInclude Include="include\F4SE\Impl\Atomic.h">
      <Filter>include\F4SE\Impl</Filter>
    </ClInclude>
    <ClInclude Include="include\F4SE\Impl\PCH.h">
      <Filter>include\F4SE\Impl</Filter>
    </ClInclude>
    <ClInclude Include="include\F4SE\Interfaces.h">
      <Filter>include\F4SE</Filter>
    </ClInclude>
    <ClInclude Include="include\F4SE\Logger.h">
      <Filter>include\F4SE</Filter>
    </ClInclude>
    <ClInclude Include="include\F4SE\Trampoline.h">
      <Filter>include\F4SE</Filter>
    </ClInclude>
    <ClInclude Include="include\F4SE\Version.h">
      <Filter>include\F4SE</Filter>
    </ClInclude>
    <ClInclude Include="include\RE\Bethesda\MemoryManager.h">
      <Filter>include\RE\Bethesda</Filter>
    </ClInclude>
    <ClInclude Include="include\RE\Fallout.h">
      <Filter>include\RE</Filter>
    </ClInclude>
    <ClInclude Include="include\RE\NetImmerse\NiRTTI.h">
      <Filter>include\RE\NetImmerse</Filter>
    </ClInclude>
    <ClInclude Include="include\RE\NiRTTI_IDs.h">
      <Filter>include\RE</Filter>
    </ClInclude>
    <ClInclude Include="include\RE\RTTI.h">
      <Filter>include\RE</Filter>
    </ClInclude>
    <ClInclude Include="include\RE\RTTI_IDs.h">
      <Filter>include\RE</Filter>
    </ClInclude>
    <ClInclude Include="include\RE\Scaleform\GFx\GFx_Loader.h">
      <Filter>include\RE\Scaleform\GFx</Filter>
    </ClInclude>
    <ClInclude Include="include\RE\Scaleform\GFx\GFx_Player.h">
      <Filter>include\RE\Scaleform\GFx</Filter>
    </ClInclude>
    <ClInclude Include="include\RE\Scaleform\GFx\GFx_Resource.h">
      <Filter>include\RE\Scaleform\GFx</Filter>
    </ClInclude>
    <ClInclude Include="include\RE\Scaleform\Kernel\SF_AllocInfo.h">
      <Filter>include\RE\Scaleform\Kernel</Filter>
    </ClInclude>
    <ClInclude Include="include\RE\Scaleform\Kernel\SF_Atomic.h">
      <Filter>include\RE\Scaleform\Kernel</Filter>
    </ClInclude>
    <ClInclude Include="include\RE\Scaleform\Kernel\SF_List.h">
      <Filter>include\RE\Scaleform\Kernel</Filter>
    </ClInclude>
    <ClInclude Include="include\RE\Scaleform\Kernel\SF_Memory.h">
      <Filter>include\RE\Scaleform\Kernel</Filter>
    </ClInclude>
    <ClInclude Include="include\RE\Scaleform\Kernel\SF_MemoryHeap.h">
      <Filter>include\RE\Scaleform\Kernel</Filter>
    </ClInclude>
    <ClInclude Include="include\RE\Scaleform\Kernel\SF_RefCount.h">
      <Filter>include\RE\Scaleform\Kernel</Filter>
    </ClInclude>
    <ClInclude Include="include\RE\Scaleform\Kernel\SF_Stats.h">
      <Filter>include\RE\Scaleform\Kernel</Filter>
    </ClInclude>
    <ClInclude Include="include\RE\Scaleform\Kernel\SF_SysAlloc.h">
      <Filter>include\RE\Scaleform\Kernel</Filter>
    </ClInclude>
    <ClInclude Include="include\REL\Relocation.h">
      <Filter>include\REL</Filter>
    </ClInclude>
  </ItemGroup>
  <ItemGroup>
    <ClCompile Include="include\F4SE\API.cpp">
      <Filter>include\F4SE</Filter>
    </ClCompile>
    <ClCompile Include="include\F4SE\Impl\PCH.cpp">
      <Filter>include\F4SE\Impl</Filter>
    </ClCompile>
    <ClCompile Include="include\F4SE\Interfaces.cpp">
      <Filter>include\F4SE</Filter>
    </ClCompile>
    <ClCompile Include="include\F4SE\Trampoline.cpp">
      <Filter>include\F4SE</Filter>
    </ClCompile>
  </ItemGroup>
</Project>