<?xml version="1.0" encoding="utf-8"?>
<Project ToolsVersion="4.0" xmlns="http://schemas.microsoft.com/developer/msbuild/2003">
  <ItemGroup>
    <Filter Include="src">
      <UniqueIdentifier>{57c9eac9-3a96-4dbf-8d19-cdddafb51688}</UniqueIdentifier>
    </Filter>
    <Filter Include="include">
      <UniqueIdentifier>{aee06ac9-1bc5-42ef-858c-7657bb1ee832}</UniqueIdentifier>
    </Filter>
    <Filter Include="include\RE">
      <UniqueIdentifier>{234678f4-a0d1-4ff8-9f0b-5aa0894408dc}</UniqueIdentifier>
    </Filter>
    <Filter Include="include\RE\BSCore">
      <UniqueIdentifier>{203cadeb-0a18-4753-857b-02c347fbdb47}</UniqueIdentifier>
    </Filter>
    <Filter Include="src\RE">
      <UniqueIdentifier>{5edded4c-fcc9-4a3d-801c-2a7530db5469}</UniqueIdentifier>
    </Filter>
    <Filter Include="include\RE\BaseFormComponent">
      <UniqueIdentifier>{9f8ec3a0-1388-461b-8d2e-6be6781dc655}</UniqueIdentifier>
    </Filter>
    <Filter Include="include\RE\BaseFormComponent\TESForm">
      <UniqueIdentifier>{2d5b8b81-f93d-40e4-a8dc-01d6081d5c59}</UniqueIdentifier>
    </Filter>
    <Filter Include="include\RE\BaseFormComponent\TESForm\TESObject">
      <UniqueIdentifier>{030d7a54-5c32-4f48-9d44-3c56f3cba0a7}</UniqueIdentifier>
    </Filter>
    <Filter Include="include\RE\BaseFormComponent\TESForm\TESObject\TESBoundObject">
      <UniqueIdentifier>{777d5d07-c54e-441d-a167-26e213e91d0b}</UniqueIdentifier>
    </Filter>
    <Filter Include="include\RE\BaseFormComponent\TESForm\TESObject\TESBoundObject\TESBoundAnimObject">
      <UniqueIdentifier>{0c7ac4a6-41bb-4ba9-9438-7b0711b47dfb}</UniqueIdentifier>
    </Filter>
    <Filter Include="include\RE\BaseFormComponent\TESForm\TESObject\TESBoundObject\TESBoundAnimObject\TESObjectACTI">
      <UniqueIdentifier>{3a398bbb-4afd-4706-a04e-bc80d5a5a8ee}</UniqueIdentifier>
    </Filter>
    <Filter Include="include\RE\BaseFormComponent\TESModel">
      <UniqueIdentifier>{96b1d56b-6ea7-4896-9279-1b12b207ed01}</UniqueIdentifier>
    </Filter>
    <Filter Include="include\RE\BaseFormComponent\Components">
      <UniqueIdentifier>{5610bf34-5189-4fd1-ad70-7b8a5db3ce09}</UniqueIdentifier>
    </Filter>
    <Filter Include="include\RE\BaseFormComponent\TESForm\TESObject\TESBoundObject\TESBoundAnimObject\TESObjectACTI\TESFurniture">
      <UniqueIdentifier>{37732e7c-be90-4a0d-8e16-ca7e7010f8c1}</UniqueIdentifier>
    </Filter>
    <Filter Include="include\RE\BaseFormComponent\TESForm\Components">
      <UniqueIdentifier>{4b3d7041-7946-4514-832d-e433cd18d439}</UniqueIdentifier>
    </Filter>
    <Filter Include="include\RE\FileIO">
      <UniqueIdentifier>{16550d88-0d4c-4b99-b469-a45e1de75d46}</UniqueIdentifier>
    </Filter>
    <Filter Include="src\RE\FileIO">
      <UniqueIdentifier>{e4fbb6e6-6e4c-4b6c-bedc-d5b303ccf32d}</UniqueIdentifier>
    </Filter>
    <Filter Include="include\RE\BaseFormComponent\BGSMod">
      <UniqueIdentifier>{e4cc5635-ae99-4161-b022-b353a378f212}</UniqueIdentifier>
    </Filter>
    <Filter Include="include\RE\BaseFormComponent\BGSMod\Template">
      <UniqueIdentifier>{234779a8-e759-4e1a-94be-2f5b9c5e8b80}</UniqueIdentifier>
    </Filter>
    <Filter Include="src\RE\BSCore">
      <UniqueIdentifier>{5241315a-7d48-47bf-a6a3-3b31bd3f5793}</UniqueIdentifier>
    </Filter>
    <Filter Include="src\RE\BaseFormComponent">
      <UniqueIdentifier>{9367c024-206b-4960-a544-6ed19f7a4292}</UniqueIdentifier>
    </Filter>
    <Filter Include="src\RE\BaseFormComponent\Components">
      <UniqueIdentifier>{bbef410f-93db-4067-b405-d35cb40175a8}</UniqueIdentifier>
    </Filter>
    <Filter Include="include\F4SE">
      <UniqueIdentifier>{e155027c-ddc9-48ee-abca-996851d8d62a}</UniqueIdentifier>
    </Filter>
    <Filter Include="src\F4SE">
      <UniqueIdentifier>{7e1455b0-b4a2-4afb-8138-35c38b761092}</UniqueIdentifier>
    </Filter>
    <Filter Include="include\REL">
      <UniqueIdentifier>{9e55ad28-5096-4e22-bf65-180a3fd745e6}</UniqueIdentifier>
    </Filter>
    <Filter Include="include\RE\Scaleform">
      <UniqueIdentifier>{affabe95-ee48-4ef2-8fac-d3f447cc4a23}</UniqueIdentifier>
    </Filter>
    <Filter Include="include\RE\Scaleform\Kernel">
      <UniqueIdentifier>{34e5482e-4070-48ec-abab-40a15c656154}</UniqueIdentifier>
    </Filter>
    <Filter Include="include\RE\Scaleform\Kernel\RefCount">
      <UniqueIdentifier>{b9d3cdd5-11a4-4964-b46d-1255e506682f}</UniqueIdentifier>
    </Filter>
    <Filter Include="src\RE\Scaleform">
      <UniqueIdentifier>{a97fdf29-7696-4ab3-9e57-bbfc0c35e95b}</UniqueIdentifier>
    </Filter>
    <Filter Include="src\RE\Scaleform\Kernel">
      <UniqueIdentifier>{dcdddf7e-2071-4388-9e39-fb9e9ad51707}</UniqueIdentifier>
    </Filter>
    <Filter Include="src\RE\Scaleform\Kernel\RefCount">
      <UniqueIdentifier>{1dc68b3d-acf6-4fbe-9476-c59fd72a64e4}</UniqueIdentifier>
    </Filter>
    <Filter Include="include\RE\Scaleform\Kernel\SFTypes">
      <UniqueIdentifier>{627b31c7-0391-4749-b5d0-4895b5592eb8}</UniqueIdentifier>
    </Filter>
    <Filter Include="include\RE\Scaleform\Kernel\SysAlloc">
      <UniqueIdentifier>{4cd40fa6-321b-4a28-94b6-66360c96226a}</UniqueIdentifier>
    </Filter>
    <Filter Include="include\RE\Scaleform\Kernel\HeapMH">
      <UniqueIdentifier>{7ebc478f-777f-44a3-a5e6-6801debee644}</UniqueIdentifier>
    </Filter>
    <Filter Include="include\RE\Scaleform\Kernel\HeapMH\SysAllocMalloc">
      <UniqueIdentifier>{2e288f2a-ae37-4830-8b79-0594d1f108f6}</UniqueIdentifier>
    </Filter>
    <Filter Include="src\RE\Scaleform\Kernel\SysAlloc">
      <UniqueIdentifier>{88688ec9-5cdc-42e2-92c6-b433ed6cb71b}</UniqueIdentifier>
    </Filter>
    <Filter Include="src\RE\Scaleform\Kernel\HeapMH">
      <UniqueIdentifier>{f7c36506-4a0e-45a6-b5cb-90448be23d71}</UniqueIdentifier>
    </Filter>
    <Filter Include="src\RE\Scaleform\Kernel\HeapMH\SysAllocMalloc">
      <UniqueIdentifier>{f7fb6b1a-5843-4ce6-aae7-b4bafd4057d9}</UniqueIdentifier>
    </Filter>
    <Filter Include="include\RE\Scaleform\Kernel\Memory">
      <UniqueIdentifier>{58788e25-5281-47f2-8964-477fcd6051f5}</UniqueIdentifier>
    </Filter>
    <Filter Include="include\RE\Scaleform\Kernel\MemoryHeap">
      <UniqueIdentifier>{4aae5886-90b3-47aa-a3d8-7af1315d7165}</UniqueIdentifier>
    </Filter>
    <Filter Include="include\RE\Scaleform\Kernel\List">
      <UniqueIdentifier>{0505f11c-9817-43af-abc5-18354eef848d}</UniqueIdentifier>
    </Filter>
    <Filter Include="include\RE\Scaleform\Kernel\Stats">
      <UniqueIdentifier>{b98e255e-e668-4fc3-a7c7-a28d51b9513b}</UniqueIdentifier>
    </Filter>
    <Filter Include="src\RE\Scaleform\Kernel\MemoryHeap">
      <UniqueIdentifier>{ce4d94f9-edc4-4cf8-b245-046006459b3f}</UniqueIdentifier>
    </Filter>
    <Filter Include="include\RE\Scaleform\Kernel\AllocInfo">
      <UniqueIdentifier>{47d93b13-c46e-4582-8f33-bed23d9986ca}</UniqueIdentifier>
    </Filter>
    <Filter Include="include\RE\Scaleform\Kernel\Atomic">
      <UniqueIdentifier>{516f88a8-c5c5-42d7-bfa6-b850b33b7643}</UniqueIdentifier>
    </Filter>
    <Filter Include="src\RE\Scaleform\Kernel\Atomic">
      <UniqueIdentifier>{b5b0fe66-00f3-4613-8376-18eae0d68102}</UniqueIdentifier>
    </Filter>
    <Filter Include="src\RE\Scaleform\Kernel\Memory">
      <UniqueIdentifier>{dc736577-5b7c-4375-b22b-590b8d2dcb5a}</UniqueIdentifier>
    </Filter>
    <Filter Include="include\RE\Scaleform\GFx">
      <UniqueIdentifier>{f3686aa7-2e06-4b54-a4ab-d91a4967f796}</UniqueIdentifier>
    </Filter>
    <Filter Include="include\RE\Scaleform\GFx\Player">
      <UniqueIdentifier>{7f83d773-e4c3-4108-a358-26805adeaa68}</UniqueIdentifier>
    </Filter>
    <Filter Include="include\RE\Scaleform\Render">
      <UniqueIdentifier>{5f2d6fe1-9e36-45f7-aca8-7366821df074}</UniqueIdentifier>
    </Filter>
    <Filter Include="include\RE\Scaleform\Render\Matrix3x4">
      <UniqueIdentifier>{31cb1c2c-fc83-4bdf-b5a7-b41387d0ac43}</UniqueIdentifier>
    </Filter>
    <Filter Include="include\RE\Scaleform\Render\Matrix4x4">
      <UniqueIdentifier>{78e3214c-fc44-4ff1-b2cd-d5276914741e}</UniqueIdentifier>
    </Filter>
    <Filter Include="include\RE\Scaleform\Render\Constants">
      <UniqueIdentifier>{cc1038f5-bc76-4f3e-b2da-c1c1b77a3bec}</UniqueIdentifier>
    </Filter>
    <Filter Include="include\RE\Scaleform\GFx\PlayerStats">
      <UniqueIdentifier>{6b888417-d99a-43b2-8127-59cc25c769c6}</UniqueIdentifier>
    </Filter>
    <Filter Include="src\RE\Scaleform\GFx">
      <UniqueIdentifier>{7fb70e78-bbea-44fa-baa8-7d01a58a7458}</UniqueIdentifier>
    </Filter>
    <Filter Include="src\RE\Scaleform\GFx\Player">
      <UniqueIdentifier>{d0df78c2-3e21-44bc-b420-d98790650fe3}</UniqueIdentifier>
    </Filter>
    <Filter Include="include\RE\Scaleform\Render\Matrix2x4">
      <UniqueIdentifier>{ccea60c9-c2d7-494f-b3a6-0e857ba0b903}</UniqueIdentifier>
    </Filter>
    <Filter Include="include\RE\Scaleform\Render\Cxform">
      <UniqueIdentifier>{c834042b-65d3-4f79-9688-3348999acfef}</UniqueIdentifier>
    </Filter>
    <Filter Include="include\RE\Scaleform\GFx\Loader">
      <UniqueIdentifier>{6b7d3edd-ae6f-44ff-89db-f3de16000be6}</UniqueIdentifier>
    </Filter>
    <Filter Include="src\RE\Scaleform\GFx\Loader">
      <UniqueIdentifier>{6babda95-5d43-4dd0-9c30-87b39f786355}</UniqueIdentifier>
    </Filter>
    <Filter Include="include\RE\Scaleform\GFx\Resource">
      <UniqueIdentifier>{438cb51c-470f-49de-9260-4821f0234d6c}</UniqueIdentifier>
    </Filter>
    <Filter Include="include\RE\Scaleform\GFx\ASMovieRootBase">
      <UniqueIdentifier>{577f8128-52e0-4240-98dd-a02bf5aad3e6}</UniqueIdentifier>
    </Filter>
    <Filter Include="include\RE\Scaleform\GFx\CharacterDef">
      <UniqueIdentifier>{d1a0b2b4-a7ad-4fac-be2e-7338ec7924cb}</UniqueIdentifier>
    </Filter>
    <Filter Include="src\RE\Scaleform\GFx\Resource">
      <UniqueIdentifier>{7069ead9-9394-4038-8186-4b240d463872}</UniqueIdentifier>
    </Filter>
    <Filter Include="src\RE\Scaleform\GFx\CharacterDef">
      <UniqueIdentifier>{95403aa5-4556-41e1-bb11-f3262e4013f0}</UniqueIdentifier>
    </Filter>
    <Filter Include="include\RE\Scaleform\Render\Types2D">
      <UniqueIdentifier>{d2f4b53a-4202-4d89-ae57-39d81e71b052}</UniqueIdentifier>
    </Filter>
    <Filter Include="include\RE\Scaleform\GFx\Tags">
      <UniqueIdentifier>{d29e7071-8bc0-4e77-b29f-9483ded1d3ef}</UniqueIdentifier>
    </Filter>
    <Filter Include="include\RE\Scaleform\GFx\Types">
      <UniqueIdentifier>{1a6706d3-8b36-4b4f-92b5-b6b48c1704fa}</UniqueIdentifier>
    </Filter>
    <Filter Include="src\RE\Scaleform\GFx\ASMovieRootBase">
      <UniqueIdentifier>{d4a80fdc-2cff-4660-865d-9349061b1a39}</UniqueIdentifier>
    </Filter>
    <Filter Include="include\RE\Scaleform\Kernel\Threads">
      <UniqueIdentifier>{d0ae24c9-a8d2-41e6-96ba-e7e72fc71dcd}</UniqueIdentifier>
    </Filter>
    <Filter Include="include\RE\Scaleform\Render\Color">
      <UniqueIdentifier>{aa59def7-e259-4961-bc6f-9130877e7bd0}</UniqueIdentifier>
    </Filter>
    <Filter Include="src\RE\Scaleform\Render">
      <UniqueIdentifier>{3cb3e7ca-01e2-45dd-86d9-c8871ad19ddd}</UniqueIdentifier>
    </Filter>
    <Filter Include="src\RE\Scaleform\Render\Color">
      <UniqueIdentifier>{978d3fd5-9266-498a-bd32-bf8fac0d8d23}</UniqueIdentifier>
    </Filter>
    <Filter Include="include\RE\Scaleform\Render\Viewport">
      <UniqueIdentifier>{a7e6e7b5-3c65-4a3e-af9f-96db3a593757}</UniqueIdentifier>
    </Filter>
    <Filter Include="include\RE\Scaleform\GFx\PlayerImpl">
      <UniqueIdentifier>{69ea42ff-06da-4192-a770-bff2981dee73}</UniqueIdentifier>
    </Filter>
    <Filter Include="include\RE\Menus">
      <UniqueIdentifier>{23e4d92f-dba1-4d1e-a184-fe17c29cd997}</UniqueIdentifier>
    </Filter>
    <Filter Include="include\RE\Input">
      <UniqueIdentifier>{a604cdf1-49e2-41f1-bff5-b810625c68b2}</UniqueIdentifier>
    </Filter>
    <Filter Include="include\RE\Menus\SWFToCodeFunctionHandler">
      <UniqueIdentifier>{1e993d36-a4b3-4d84-a079-d17c84f29162}</UniqueIdentifier>
    </Filter>
    <Filter Include="include\RE\Menus\SWFToCodeFunctionHandler\IMenu">
      <UniqueIdentifier>{8ddfe46a-2378-4b23-bfb0-bd29544c39db}</UniqueIdentifier>
    </Filter>
    <Filter Include="include\RE\Menus\SWFToCodeFunctionHandler\IMenu\GameMenuBase">
      <UniqueIdentifier>{5f09bf74-41e7-4e0f-9d27-f2d3ddac2609}</UniqueIdentifier>
    </Filter>
  </ItemGroup>
  <ItemGroup>
    <ClInclude Include="include\RE\BSCoreTypes.h">
      <Filter>include\RE\BSCore</Filter>
    </ClInclude>
    <ClInclude Include="include\ForceInclude.h">
      <Filter>include</Filter>
    </ClInclude>
    <ClInclude Include="include\Util.h">
      <Filter>include</Filter>
    </ClInclude>
    <ClInclude Include="include\RE\BaseFormComponent.h">
      <Filter>include\RE\BaseFormComponent</Filter>
    </ClInclude>
    <ClInclude Include="include\RE\TESForm.h">
      <Filter>include\RE\BaseFormComponent\TESForm</Filter>
    </ClInclude>
    <ClInclude Include="include\RE\TESObject.h">
      <Filter>include\RE\BaseFormComponent\TESForm\TESObject</Filter>
    </ClInclude>
    <ClInclude Include="include\RE\TESBoundObject.h">
      <Filter>include\RE\BaseFormComponent\TESForm\TESObject\TESBoundObject</Filter>
    </ClInclude>
    <ClInclude Include="include\RE\TESBoundAnimObject.h">
      <Filter>include\RE\BaseFormComponent\TESForm\TESObject\TESBoundObject\TESBoundAnimObject</Filter>
    </ClInclude>
    <ClInclude Include="include\RE\TESObjectACTI.h">
      <Filter>include\RE\BaseFormComponent\TESForm\TESObject\TESBoundObject\TESBoundAnimObject\TESObjectACTI</Filter>
    </ClInclude>
    <ClInclude Include="include\RE\TESFullName.h">
      <Filter>include\RE\BaseFormComponent</Filter>
    </ClInclude>
    <ClInclude Include="include\RE\BSFixedString.h">
      <Filter>include\RE\BSCore</Filter>
    </ClInclude>
    <ClInclude Include="include\RE\TESModel.h">
      <Filter>include\RE\BaseFormComponent\TESModel</Filter>
    </ClInclude>
    <ClInclude Include="include\RE\BGSModelMaterialSwap.h">
      <Filter>include\RE\BaseFormComponent\TESModel</Filter>
    </ClInclude>
    <ClInclude Include="include\RE\TESMagicTargetForm.h">
      <Filter>include\RE\BaseFormComponent\Components</Filter>
    </ClInclude>
    <ClInclude Include="include\RE\BGSDestructibleObjectForm.h">
      <Filter>include\RE\BaseFormComponent</Filter>
    </ClInclude>
    <ClInclude Include="include\RE\BGSOpenCloseForm.h">
      <Filter>include\RE\BaseFormComponent\Components</Filter>
    </ClInclude>
    <ClInclude Include="include\RE\IKeywordFormBase.h">
      <Filter>include\RE\BaseFormComponent\Components</Filter>
    </ClInclude>
    <ClInclude Include="include\RE\BGSKeywordForm.h">
      <Filter>include\RE\BaseFormComponent</Filter>
    </ClInclude>
    <ClInclude Include="include\RE\BGSPropertySheet.h">
      <Filter>include\RE\BaseFormComponent</Filter>
    </ClInclude>
    <ClInclude Include="include\RE\BGSForcedLocRefType.h">
      <Filter>include\RE\BaseFormComponent</Filter>
    </ClInclude>
    <ClInclude Include="include\RE\BGSNativeTerminalForm.h">
      <Filter>include\RE\BaseFormComponent</Filter>
    </ClInclude>
    <ClInclude Include="include\RE\BGSNavmeshableObject.h">
      <Filter>include\RE\BaseFormComponent\Components</Filter>
    </ClInclude>
    <ClInclude Include="include\RE\TESFurniture.h">
      <Filter>include\RE\BaseFormComponent\TESForm\TESObject\TESBoundObject\TESBoundAnimObject\TESObjectACTI\TESFurniture</Filter>
    </ClInclude>
    <ClInclude Include="include\RE\BGSTerminal.h">
      <Filter>include\RE\BaseFormComponent\TESForm\TESObject\TESBoundObject\TESBoundAnimObject\TESObjectACTI\TESFurniture</Filter>
    </ClInclude>
    <ClInclude Include="include\RE\FormTypes.h">
      <Filter>include\RE\BaseFormComponent\TESForm\Components</Filter>
    </ClInclude>
    <ClInclude Include="include\RE\BSTArray.h">
      <Filter>include\RE\BSCore</Filter>
    </ClInclude>
    <ClInclude Include="include\RE\Memory.h">
      <Filter>include\RE</Filter>
    </ClInclude>
    <ClInclude Include="include\RE\TESDataHandler.h">
      <Filter>include\RE\FileIO</Filter>
    </ClInclude>
    <ClInclude Include="include\RE\BGSPreviewTransform.h">
      <Filter>include\RE\BaseFormComponent</Filter>
    </ClInclude>
    <ClInclude Include="include\RE\BGSSoundTagComponent.h">
      <Filter>include\RE\BaseFormComponent</Filter>
    </ClInclude>
    <ClInclude Include="include\RE\BGSTypedKeywordValueArray.h">
      <Filter>include\RE\BaseFormComponent\Components</Filter>
    </ClInclude>
    <ClInclude Include="include\RE\BGSAttachParentArray.h">
      <Filter>include\RE\BaseFormComponent</Filter>
    </ClInclude>
    <ClInclude Include="include\RE\FileHash.h">
      <Filter>include\RE\BaseFormComponent\Components</Filter>
    </ClInclude>
    <ClInclude Include="include\RE\Condition.h">
      <Filter>include\RE\BaseFormComponent\Components</Filter>
    </ClInclude>
    <ClInclude Include="include\RE\BSSpinLock.h">
      <Filter>include\RE\BSCore</Filter>
    </ClInclude>
    <ClInclude Include="include\RE\BSGlobalStringTable.h">
      <Filter>include\RE\BSCore</Filter>
    </ClInclude>
    <ClInclude Include="include\Atomic.h">
      <Filter>include</Filter>
    </ClInclude>
    <ClInclude Include="include\function_ref.h">
      <Filter>include</Filter>
    </ClInclude>
    <ClInclude Include="include\F4SE\Logger.h">
      <Filter>include\F4SE</Filter>
    </ClInclude>
    <ClInclude Include="include\RE\Offset.h">
      <Filter>include\RE</Filter>
    </ClInclude>
    <ClInclude Include="include\REL\Relocation.h">
      <Filter>include\REL</Filter>
    </ClInclude>
    <ClInclude Include="include\RE\BGSMod\Template\Items.h">
      <Filter>include\RE\BaseFormComponent\BGSMod\Template</Filter>
    </ClInclude>
    <ClInclude Include="include\RE\Scaleform\RefCountImplCore.h">
      <Filter>include\RE\Scaleform\Kernel\RefCount</Filter>
    </ClInclude>
    <ClInclude Include="include\RE\Scaleform\RefCountImpl.h">
      <Filter>include\RE\Scaleform\Kernel\RefCount</Filter>
    </ClInclude>
    <ClInclude Include="include\RE\Scaleform\RefCountBaseStatImpl.h">
      <Filter>include\RE\Scaleform\Kernel\RefCount</Filter>
    </ClInclude>
    <ClInclude Include="include\RE\Scaleform\SFTypes.h">
      <Filter>include\RE\Scaleform\Kernel\SFTypes</Filter>
    </ClInclude>
    <ClInclude Include="include\RE\Scaleform\SysAllocBase_SingletonSupport.h">
      <Filter>include\RE\Scaleform\Kernel\SysAlloc</Filter>
    </ClInclude>
    <ClInclude Include="include\RE\Scaleform\SysAllocMalloc.h">
      <Filter>include\RE\Scaleform\Kernel\HeapMH\SysAllocMalloc</Filter>
    </ClInclude>
    <ClInclude Include="include\RE\Scaleform\SysAlloc.h">
      <Filter>include\RE\Scaleform\Kernel\SysAlloc</Filter>
    </ClInclude>
    <ClInclude Include="include\RE\Scaleform\SysAllocBase.h">
      <Filter>include\RE\Scaleform\Kernel\SysAlloc</Filter>
    </ClInclude>
    <ClInclude Include="include\RE\Scaleform\Memory.h">
      <Filter>include\RE\Scaleform\Kernel\Memory</Filter>
    </ClInclude>
    <ClInclude Include="include\RE\Scaleform\MemoryHeap.h">
      <Filter>include\RE\Scaleform\Kernel\MemoryHeap</Filter>
    </ClInclude>
    <ClInclude Include="include\RE\Scaleform\ListNode.h">
      <Filter>include\RE\Scaleform\Kernel\List</Filter>
    </ClInclude>
    <ClInclude Include="include\RE\Scaleform\Stats.h">
      <Filter>include\RE\Scaleform\Kernel\Stats</Filter>
    </ClInclude>
    <ClInclude Include="include\RE\Scaleform\SysAllocPaged.h">
      <Filter>include\RE\Scaleform\Kernel\SysAlloc</Filter>
    </ClInclude>
    <ClInclude Include="include\RE\Scaleform\AllocInfo.h">
      <Filter>include\RE\Scaleform\Kernel\AllocInfo</Filter>
    </ClInclude>
    <ClInclude Include="include\RE\Scaleform\StatBag.h">
      <Filter>include\RE\Scaleform\Kernel\Stats</Filter>
    </ClInclude>
    <ClInclude Include="include\RE\Scaleform\List.h">
      <Filter>include\RE\Scaleform\Kernel\List</Filter>
    </ClInclude>
    <ClInclude Include="include\RE\Scaleform\Lock.h">
      <Filter>include\RE\Scaleform\Kernel\Atomic</Filter>
    </ClInclude>
    <ClInclude Include="include\RE\Scaleform\NewOverrideBase.h">
      <Filter>include\RE\Scaleform\Kernel\Memory</Filter>
    </ClInclude>
    <ClInclude Include="include\RE\Scaleform\RefCountBase.h">
      <Filter>include\RE\Scaleform\Kernel\RefCount</Filter>
    </ClInclude>
    <ClInclude Include="include\RE\Scaleform\GFx\FunctionHandler.h">
      <Filter>include\RE\Scaleform\GFx\Player</Filter>
    </ClInclude>
    <ClInclude Include="include\RE\Scaleform\GFx\Value.h">
      <Filter>include\RE\Scaleform\GFx\Player</Filter>
    </ClInclude>
    <ClInclude Include="include\RE\Scaleform\Render\Matrix3x4.h">
      <Filter>include\RE\Scaleform\Render\Matrix3x4</Filter>
    </ClInclude>
    <ClInclude Include="include\RE\Scaleform\Render\Matrix3x4Data.h">
      <Filter>include\RE\Scaleform\Render\Matrix3x4</Filter>
    </ClInclude>
    <ClInclude Include="include\RE\Scaleform\Render\Matrix4x4.h">
      <Filter>include\RE\Scaleform\Render\Matrix4x4</Filter>
    </ClInclude>
    <ClInclude Include="include\RE\Scaleform\Render\Matrix4x4Data.h">
      <Filter>include\RE\Scaleform\Render\Matrix4x4</Filter>
    </ClInclude>
    <ClInclude Include="include\RE\Scaleform\Render\Constants.h">
      <Filter>include\RE\Scaleform\Render\Constants</Filter>
    </ClInclude>
    <ClInclude Include="include\RE\Scaleform\GFx\PlayerStats.h">
      <Filter>include\RE\Scaleform\GFx\PlayerStats</Filter>
    </ClInclude>
    <ClInclude Include="include\RE\Scaleform\Render\Matrix2x4.h">
      <Filter>include\RE\Scaleform\Render\Matrix2x4</Filter>
    </ClInclude>
    <ClInclude Include="include\RE\Scaleform\Render\Matrix2x4Data.h">
      <Filter>include\RE\Scaleform\Render\Matrix2x4</Filter>
    </ClInclude>
    <ClInclude Include="include\RE\Scaleform\Render\Cxform.h">
      <Filter>include\RE\Scaleform\Render\Cxform</Filter>
    </ClInclude>
    <ClInclude Include="include\RE\Scaleform\Ptr.h">
      <Filter>include\RE\Scaleform\Kernel\RefCount</Filter>
    </ClInclude>
    <ClInclude Include="include\RE\Scaleform\GFx\Movie.h">
      <Filter>include\RE\Scaleform\GFx\Player</Filter>
    </ClInclude>
    <ClInclude Include="include\RE\Scaleform\GFx\StateBag.h">
      <Filter>include\RE\Scaleform\GFx\Loader</Filter>
    </ClInclude>
    <ClInclude Include="include\RE\Scaleform\GFx\State.h">
      <Filter>include\RE\Scaleform\GFx\Loader</Filter>
    </ClInclude>
    <ClInclude Include="include\RE\Scaleform\GFx\FileTypeConstants.h">
      <Filter>include\RE\Scaleform\GFx\Resource</Filter>
    </ClInclude>
    <ClInclude Include="include\RE\Scaleform\GFx\ASMovieRootBase.h">
      <Filter>include\RE\Scaleform\GFx\ASMovieRootBase</Filter>
    </ClInclude>
    <ClInclude Include="include\RE\Scaleform\GFx\ASSupport.h">
      <Filter>include\RE\Scaleform\GFx\Loader</Filter>
    </ClInclude>
    <ClInclude Include="include\RE\Scaleform\GFx\CharacterDef.h">
      <Filter>include\RE\Scaleform\GFx\CharacterDef</Filter>
    </ClInclude>
    <ClInclude Include="include\RE\Scaleform\GFx\ResourceID.h">
      <Filter>include\RE\Scaleform\GFx\Resource</Filter>
    </ClInclude>
    <ClInclude Include="include\RE\Scaleform\GFx\Resource.h">
      <Filter>include\RE\Scaleform\GFx\Resource</Filter>
    </ClInclude>
    <ClInclude Include="include\RE\Scaleform\GFx\ResourceKey.h">
      <Filter>include\RE\Scaleform\GFx\Resource</Filter>
    </ClInclude>
    <ClInclude Include="include\RE\Scaleform\AtomicInt.h">
      <Filter>include\RE\Scaleform\Kernel\Atomic</Filter>
    </ClInclude>
    <ClInclude Include="include\RE\Scaleform\AtomicValueBase.h">
      <Filter>include\RE\Scaleform\Kernel\Atomic</Filter>
    </ClInclude>
    <ClInclude Include="include\RE\Scaleform\Render\Rect.h">
      <Filter>include\RE\Scaleform\Render\Types2D</Filter>
    </ClInclude>
    <ClInclude Include="include\RE\Scaleform\Render\RectData.h">
      <Filter>include\RE\Scaleform\Render\Types2D</Filter>
    </ClInclude>
    <ClInclude Include="include\RE\Scaleform\Render\Point.h">
      <Filter>include\RE\Scaleform\Render\Types2D</Filter>
    </ClInclude>
    <ClInclude Include="include\RE\Scaleform\GFx\TagType.h">
      <Filter>include\RE\Scaleform\GFx\Tags</Filter>
    </ClInclude>
    <ClInclude Include="include\RE\Scaleform\GFx\FocusMovedType.h">
      <Filter>include\RE\Scaleform\GFx\Types</Filter>
    </ClInclude>
    <ClInclude Include="include\RE\Scaleform\GFx\PlayState.h">
      <Filter>include\RE\Scaleform\GFx\Types</Filter>
    </ClInclude>
    <ClInclude Include="include\RE\Scaleform\ThreadID.h">
      <Filter>include\RE\Scaleform\Kernel\Threads</Filter>
    </ClInclude>
    <ClInclude Include="include\RE\Scaleform\Render\Color.h">
      <Filter>include\RE\Scaleform\Render\Color</Filter>
    </ClInclude>
    <ClInclude Include="include\RE\Scaleform\Render\Viewport.h">
      <Filter>include\RE\Scaleform\Render\Viewport</Filter>
    </ClInclude>
    <ClInclude Include="include\RE\Scaleform\GFx\Viewport.h">
      <Filter>include\RE\Scaleform\GFx\Player</Filter>
    </ClInclude>
    <ClInclude Include="include\RE\Scaleform\GFx\MovieDef.h">
      <Filter>include\RE\Scaleform\GFx\Player</Filter>
    </ClInclude>
    <ClInclude Include="include\RE\Scaleform\GFx\MemoryParams.h">
      <Filter>include\RE\Scaleform\GFx\Player</Filter>
    </ClInclude>
    <ClInclude Include="include\RE\Scaleform\GFx\MovieImpl.h">
      <Filter>include\RE\Scaleform\GFx\PlayerImpl</Filter>
    </ClInclude>
    <ClInclude Include="include\RE\IMenu.h">
      <Filter>include\RE\Menus\SWFToCodeFunctionHandler\IMenu</Filter>
    </ClInclude>
    <ClInclude Include="include\RE\BSInputEventUser.h">
      <Filter>include\RE\Input</Filter>
    </ClInclude>
    <ClInclude Include="include\RE\SWFToCodeFunctionHandler.h">
      <Filter>include\RE\Menus\SWFToCodeFunctionHandler</Filter>
    </ClInclude>
    <ClInclude Include="include\RE\GameMenuBase.h">
      <Filter>include\RE\Menus\SWFToCodeFunctionHandler\IMenu\GameMenuBase</Filter>
    </ClInclude>
    <ClInclude Include="include\RE\TerminalMenu.h">
      <Filter>include\RE\Menus\SWFToCodeFunctionHandler\IMenu\GameMenuBase</Filter>
    </ClInclude>
  </ItemGroup>
  <ItemGroup>
    <ClCompile Include="src\RE\TESDataHandler.cpp">
      <Filter>src\RE\FileIO</Filter>
    </ClCompile>
    <ClCompile Include="src\RE\BSSpinLock.cpp">
      <Filter>src\RE\BSCore</Filter>
    </ClCompile>
    <ClCompile Include="src\RE\Condition.cpp">
      <Filter>src\RE\BaseFormComponent\Components</Filter>
    </ClCompile>
    <ClCompile Include="src\RE\BSGlobalStringTable.cpp">
      <Filter>src\RE\BSCore</Filter>
    </ClCompile>
    <ClCompile Include="src\F4SE\Logger.cpp">
      <Filter>src\F4SE</Filter>
    </ClCompile>
    <ClCompile Include="src\RE\BSFixedString.cpp">
      <Filter>src\RE\BSCore</Filter>
    </ClCompile>
    <ClCompile Include="src\RE\Scaleform\RefCountImplCore.cpp">
      <Filter>src\RE\Scaleform\Kernel\RefCount</Filter>
    </ClCompile>
    <ClCompile Include="src\RE\Scaleform\RefCountImpl.cpp">
      <Filter>src\RE\Scaleform\Kernel\RefCount</Filter>
    </ClCompile>
    <ClCompile Include="src\RE\Scaleform\SysAllocBase.cpp">
      <Filter>src\RE\Scaleform\Kernel\SysAlloc</Filter>
    </ClCompile>
    <ClCompile Include="src\RE\Scaleform\SysAllocMalloc.cpp">
      <Filter>src\RE\Scaleform\Kernel\HeapMH\SysAllocMalloc</Filter>
    </ClCompile>
    <ClCompile Include="src\RE\Scaleform\MemoryHeap.cpp">
      <Filter>src\RE\Scaleform\Kernel\MemoryHeap</Filter>
    </ClCompile>
    <ClCompile Include="src\RE\Scaleform\SysAllocPaged.cpp">
      <Filter>src\RE\Scaleform\Kernel\SysAlloc</Filter>
    </ClCompile>
    <ClCompile Include="src\RE\Scaleform\Lock.cpp">
      <Filter>src\RE\Scaleform\Kernel\Atomic</Filter>
    </ClCompile>
    <ClCompile Include="src\RE\Scaleform\Memory.cpp">
      <Filter>src\RE\Scaleform\Kernel\Memory</Filter>
    </ClCompile>
    <ClCompile Include="src\RE\Scaleform\GFx\Value.cpp">
      <Filter>src\RE\Scaleform\GFx\Player</Filter>
    </ClCompile>
    <ClCompile Include="src\RE\Scaleform\GFx\State.cpp">
      <Filter>src\RE\Scaleform\GFx\Loader</Filter>
    </ClCompile>
    <ClCompile Include="src\RE\Scaleform\GFx\StateBag.cpp">
      <Filter>src\RE\Scaleform\GFx\Loader</Filter>
    </ClCompile>
    <ClCompile Include="src\RE\Scaleform\GFx\ASSupport.cpp">
      <Filter>src\RE\Scaleform\GFx\Loader</Filter>
    </ClCompile>
    <ClCompile Include="src\RE\Scaleform\GFx\ResourceID.cpp">
      <Filter>src\RE\Scaleform\GFx\Resource</Filter>
    </ClCompile>
    <ClCompile Include="src\RE\Scaleform\GFx\ResourceKey.cpp">
      <Filter>src\RE\Scaleform\GFx\Resource</Filter>
    </ClCompile>
    <ClCompile Include="src\RE\Scaleform\GFx\Resource.cpp">
      <Filter>src\RE\Scaleform\GFx\Resource</Filter>
    </ClCompile>
    <ClCompile Include="src\RE\Scaleform\GFx\CharacterDef.cpp">
      <Filter>src\RE\Scaleform\GFx\CharacterDef</Filter>
    </ClCompile>
    <ClCompile Include="src\RE\Scaleform\GFx\ASMovieRootBase.cpp">
      <Filter>src\RE\Scaleform\GFx\ASMovieRootBase</Filter>
    </ClCompile>
    <ClCompile Include="src\RE\Scaleform\Render\Color.cpp">
      <Filter>src\RE\Scaleform\Render\Color</Filter>
    </ClCompile>
    <ClCompile Include="src\RE\Scaleform\GFx\Movie.cpp">
      <Filter>src\RE\Scaleform\GFx\Player</Filter>
    </ClCompile>
    <ClCompile Include="src\RE\Scaleform\GFx\MemoryParams.cpp">
      <Filter>src\RE\Scaleform\GFx\Player</Filter>
    </ClCompile>
    <ClCompile Include="src\RE\Scaleform\GFx\MovieDef.cpp">
      <Filter>src\RE\Scaleform\GFx\Player</Filter>
    </ClCompile>
  </ItemGroup>
</Project>